
Microsoft Visual Studio Solution File, Format Version 12.00
# Visual Studio Version 17
VisualStudioVersion = 17.3.32901.215
MinimumVisualStudioVersion = 10.0.40219.1
Project("{FAE04EC0-301F-11D3-BF4B-00C04F79EFBC}") = "Automarket", "Automarket\Automarket.csproj", "{4F081E2F-60F3-42EB-91CD-09900D8252B8}"
EndProject
Project("{2150E333-8FDC-42A3-9474-1A3956D46DE8}") = "Domain", "Domain", "{BF81487A-579D-4D42-A855-E151044D042F}"
EndProject
Project("{FAE04EC0-301F-11D3-BF4B-00C04F79EFBC}") = "Automarket.Domain", "Automarket.Domain\Automarket.Domain.csproj", "{A7082333-9AF1-4D81-9B33-CAFE4D48EDC2}"
EndProject
Global
	GlobalSection(SolutionConfigurationPlatforms) = preSolution
		Debug|Any CPU = Debug|Any CPU
		Release|Any CPU = Release|Any CPU
	EndGlobalSection
	GlobalSection(ProjectConfigurationPlatforms) = postSolution
		{4F081E2F-60F3-42EB-91CD-09900D8252B8}.Debug|Any CPU.ActiveCfg = Debug|Any CPU
		{4F081E2F-60F3-42EB-91CD-09900D8252B8}.Debug|Any CPU.Build.0 = Debug|Any CPU
		{4F081E2F-60F3-42EB-91CD-09900D8252B8}.Release|Any CPU.ActiveCfg = Release|Any CPU
		{4F081E2F-60F3-42EB-91CD-09900D8252B8}.Release|Any CPU.Build.0 = Release|Any CPU
		{A7082333-9AF1-4D81-9B33-CAFE4D48EDC2}.Debug|Any CPU.ActiveCfg = Debug|Any CPU
		{A7082333-9AF1-4D81-9B33-CAFE4D48EDC2}.Debug|Any CPU.Build.0 = Debug|Any CPU
		{A7082333-9AF1-4D81-9B33-CAFE4D48EDC2}.Release|Any CPU.ActiveCfg = Release|Any CPU
		{A7082333-9AF1-4D81-9B33-CAFE4D48EDC2}.Release|Any CPU.Build.0 = Release|Any CPU
	EndGlobalSection
	GlobalSection(SolutionProperties) = preSolution
		HideSolutionNode = FALSE
	EndGlobalSection
	GlobalSection(NestedProjects) = preSolution
		{A7082333-9AF1-4D81-9B33-CAFE4D48EDC2} = {BF81487A-579D-4D42-A855-E151044D042F}
	EndGlobalSection
	GlobalSection(ExtensibilityGlobals) = postSolution
		SolutionGuid = {AA3E7391-986F-451D-9880-DF02C109D341}
	EndGlobalSection
EndGlobal
